
Microsoft Visual Studio Solution File, Format Version 11.00
# Visual C# Express 2010
Project("{FAE04EC0-301F-11D3-BF4B-00C04F79EFBC}") = "Lab13", "Lab13\Lab13.csproj", "{2EECFC02-58A0-4AE0-AA31-8715C6426046}"
EndProject
Global
	GlobalSection(SolutionConfigurationPlatforms) = preSolution
		Debug|x86 = Debug|x86
		Release|x86 = Release|x86
	EndGlobalSection
	GlobalSection(ProjectConfigurationPlatforms) = postSolution
		{2EECFC02-58A0-4AE0-AA31-8715C6426046}.Debug|x86.ActiveCfg = Debug|x86
		{2EECFC02-58A0-4AE0-AA31-8715C6426046}.Debug|x86.Build.0 = Debug|x86
		{2EECFC02-58A0-4AE0-AA31-8715C6426046}.Release|x86.ActiveCfg = Release|x86
		{2EECFC02-58A0-4AE0-AA31-8715C6426046}.Release|x86.Build.0 = Release|x86
	EndGlobalSection
	GlobalSection(SolutionProperties) = preSolution
		HideSolutionNode = FALSE
	EndGlobalSection
EndGlobal
